# This file is automatically @generated by Cargo.
# It is not intended for manual editing.
version = 4

[[package]]
name = "sql-lens-api"
version = "0.1.0"

[[package]]
name = "sql-lens-app"
version = "0.1.0"

[[package]]
name = "sql-lens-core"
version = "0.1.0"

[[package]]
name = "sql-lens-plugin"
version = "0.1.0"

[[package]]
name = "sql-lens-protocol"
version = "0.1.0"

[[package]]
name = "sql-lens-protocol-mysql"
version = "0.1.0"

[[package]]
name = "sql-lens-proxy"
version = "0.1.0"

[[package]]
name = "sql-lens-storage"
version = "0.1.0"
